
Microsoft Visual Studio Solution File, Format Version 12.00
# Visual Studio Version 17
VisualStudioVersion = 17.9.34622.214
MinimumVisualStudioVersion = 10.0.40219.1
Project("{FAE04EC0-301F-11D3-BF4B-00C04F79EFBC}") = "EntitySonKısım", "EntitySonKısım\EntitySonKısım.csproj", "{4C09BC7D-F09D-4764-A782-3F4CA07EF6D5}"
EndProject
Global
	GlobalSection(SolutionConfigurationPlatforms) = preSolution
		Debug|Any CPU = Debug|Any CPU
		Release|Any CPU = Release|Any CPU
	EndGlobalSection
	GlobalSection(ProjectConfigurationPlatforms) = postSolution
		{4C09BC7D-F09D-4764-A782-3F4CA07EF6D5}.Debug|Any CPU.ActiveCfg = Debug|Any CPU
		{4C09BC7D-F09D-4764-A782-3F4CA07EF6D5}.Debug|Any CPU.Build.0 = Debug|Any CPU
		{4C09BC7D-F09D-4764-A782-3F4CA07EF6D5}.Release|Any CPU.ActiveCfg = Release|Any CPU
		{4C09BC7D-F09D-4764-A782-3F4CA07EF6D5}.Release|Any CPU.Build.0 = Release|Any CPU
	EndGlobalSection
	GlobalSection(SolutionProperties) = preSolution
		HideSolutionNode = FALSE
	EndGlobalSection
	GlobalSection(ExtensibilityGlobals) = postSolution
		SolutionGuid = {B41D4C15-A145-4312-8677-B3C2C810CC6E}
	EndGlobalSection
EndGlobal
